
Microsoft Visual Studio Solution File, Format Version 12.00
# Visual Studio Version 17
VisualStudioVersion = 17.6.33829.357
MinimumVisualStudioVersion = 10.0.40219.1
Project("{FAE04EC0-301F-11D3-BF4B-00C04F79EFBC}") = "ViewSonic", "ViewSonic\ViewSonic.csproj", "{FF2F842C-BFA4-4542-9291-0F770952303F}"
EndProject
Global
	GlobalSection(SolutionConfigurationPlatforms) = preSolution
		Debug|Any CPU = Debug|Any CPU
		Release|Any CPU = Release|Any CPU
	EndGlobalSection
	GlobalSection(ProjectConfigurationPlatforms) = postSolution
		{FF2F842C-BFA4-4542-9291-0F770952303F}.Debug|Any CPU.ActiveCfg = Debug|Any CPU
		{FF2F842C-BFA4-4542-9291-0F770952303F}.Debug|Any CPU.Build.0 = Debug|Any CPU
		{FF2F842C-BFA4-4542-9291-0F770952303F}.Release|Any CPU.ActiveCfg = Release|Any CPU
		{FF2F842C-BFA4-4542-9291-0F770952303F}.Release|Any CPU.Build.0 = Release|Any CPU
	EndGlobalSection
	GlobalSection(SolutionProperties) = preSolution
		HideSolutionNode = FALSE
	EndGlobalSection
	GlobalSection(ExtensibilityGlobals) = postSolution
		SolutionGuid = {AE097FED-EA35-44B0-98F6-0F13875B373A}
	EndGlobalSection
EndGlobal
